
Microsoft Visual Studio Solution File, Format Version 12.00
# Visual Studio Version 17
VisualStudioVersion = 17.0.32112.339
MinimumVisualStudioVersion = 10.0.40219.1
Project("{8BC9CEB8-8B4A-11D0-8D11-00A0C91BC942}") = "Ray Tracer MK2", "Ray Tracer MK2\Ray Tracer MK2.vcxproj", "{56094B9C-C7A2-4313-9C44-88369FE19E93}"
EndProject
Project("{2150E333-8FDC-42A3-9474-1A3956D46DE8}") = "Solution Items", "Solution Items", "{0065ABD7-65F5-407E-BB56-AFAB6F01BF48}"
	ProjectSection(SolutionItems) = preProject
		TextFile1.txt = TextFile1.txt
	EndProjectSection
EndProject
Global
	GlobalSection(SolutionConfigurationPlatforms) = preSolution
		Debug|x64 = Debug|x64
		Debug|x86 = Debug|x86
		Release|x64 = Release|x64
		Release|x86 = Release|x86
	EndGlobalSection
	GlobalSection(ProjectConfigurationPlatforms) = postSolution
		{56094B9C-C7A2-4313-9C44-88369FE19E93}.Debug|x64.ActiveCfg = Debug|x64
		{56094B9C-C7A2-4313-9C44-88369FE19E93}.Debug|x64.Build.0 = Debug|x64
		{56094B9C-C7A2-4313-9C44-88369FE19E93}.Debug|x86.ActiveCfg = Debug|Win32
		{56094B9C-C7A2-4313-9C44-88369FE19E93}.Debug|x86.Build.0 = Debug|Win32
		{56094B9C-C7A2-4313-9C44-88369FE19E93}.Release|x64.ActiveCfg = Release|x64
		{56094B9C-C7A2-4313-9C44-88369FE19E93}.Release|x64.Build.0 = Release|x64
		{56094B9C-C7A2-4313-9C44-88369FE19E93}.Release|x86.ActiveCfg = Release|Win32
		{56094B9C-C7A2-4313-9C44-88369FE19E93}.Release|x86.Build.0 = Release|Win32
	EndGlobalSection
	GlobalSection(SolutionProperties) = preSolution
		HideSolutionNode = FALSE
	EndGlobalSection
	GlobalSection(ExtensibilityGlobals) = postSolution
		SolutionGuid = {D1ADD402-A5DC-4547-AEB7-3C5FEF865ABB}
	EndGlobalSection
EndGlobal
